
Microsoft Visual Studio Solution File, Format Version 12.00
# Visual Studio Version 17
VisualStudioVersion = 17.4.33205.214
MinimumVisualStudioVersion = 10.0.40219.1
Project("{9A19103F-16F7-4668-BE54-9A1E7A4F7556}") = "BackendApi", "BackendApi\BackendApi.csproj", "{EE9D8476-BA44-4F09-860C-BA2D3991BD01}"
	ProjectSection(ProjectDependencies) = postProject
		{A1E7FE8E-7492-4280-816B-B61C33F54A2B} = {A1E7FE8E-7492-4280-816B-B61C33F54A2B}
	EndProjectSection
EndProject
Project("{FAE04EC0-301F-11D3-BF4B-00C04F79EFBC}") = "BackendEntities", "BackendEntities\BackendEntities.csproj", "{38444A6E-73C5-4A30-A7E0-22FDDD326B01}"
EndProject
Project("{FAE04EC0-301F-11D3-BF4B-00C04F79EFBC}") = "BackendHelper", "BackendHelper\BackendHelper.csproj", "{A1E7FE8E-7492-4280-816B-B61C33F54A2B}"
EndProject
Global
	GlobalSection(SolutionConfigurationPlatforms) = preSolution
		Debug|Any CPU = Debug|Any CPU
		Release|Any CPU = Release|Any CPU
	EndGlobalSection
	GlobalSection(ProjectConfigurationPlatforms) = postSolution
		{EE9D8476-BA44-4F09-860C-BA2D3991BD01}.Debug|Any CPU.ActiveCfg = Debug|Any CPU
		{EE9D8476-BA44-4F09-860C-BA2D3991BD01}.Debug|Any CPU.Build.0 = Debug|Any CPU
		{EE9D8476-BA44-4F09-860C-BA2D3991BD01}.Release|Any CPU.ActiveCfg = Release|Any CPU
		{EE9D8476-BA44-4F09-860C-BA2D3991BD01}.Release|Any CPU.Build.0 = Release|Any CPU
		{38444A6E-73C5-4A30-A7E0-22FDDD326B01}.Debug|Any CPU.ActiveCfg = Debug|Any CPU
		{38444A6E-73C5-4A30-A7E0-22FDDD326B01}.Debug|Any CPU.Build.0 = Debug|Any CPU
		{38444A6E-73C5-4A30-A7E0-22FDDD326B01}.Release|Any CPU.ActiveCfg = Release|Any CPU
		{38444A6E-73C5-4A30-A7E0-22FDDD326B01}.Release|Any CPU.Build.0 = Release|Any CPU
		{A1E7FE8E-7492-4280-816B-B61C33F54A2B}.Debug|Any CPU.ActiveCfg = Debug|Any CPU
		{A1E7FE8E-7492-4280-816B-B61C33F54A2B}.Debug|Any CPU.Build.0 = Debug|Any CPU
		{A1E7FE8E-7492-4280-816B-B61C33F54A2B}.Release|Any CPU.ActiveCfg = Release|Any CPU
		{A1E7FE8E-7492-4280-816B-B61C33F54A2B}.Release|Any CPU.Build.0 = Release|Any CPU
	EndGlobalSection
	GlobalSection(SolutionProperties) = preSolution
		HideSolutionNode = FALSE
	EndGlobalSection
	GlobalSection(ExtensibilityGlobals) = postSolution
		SolutionGuid = {78302058-14EA-462F-99C5-4C06B8946917}
	EndGlobalSection
EndGlobal
